
Microsoft Visual Studio Solution File, Format Version 12.00
# Visual Studio Version 17
VisualStudioVersion = 17.2.32616.157
MinimumVisualStudioVersion = 10.0.40219.1
Project("{FAE04EC0-301F-11D3-BF4B-00C04F79EFBC}") = "miprimerproyectiuwu", "miprimerproyectiuwu.csproj", "{D608DB4B-A513-4A6C-A8CD-A6D48643B4B7}"
EndProject
Global
	GlobalSection(SolutionConfigurationPlatforms) = preSolution
		Debug|Any CPU = Debug|Any CPU
		Release|Any CPU = Release|Any CPU
	EndGlobalSection
	GlobalSection(ProjectConfigurationPlatforms) = postSolution
		{D608DB4B-A513-4A6C-A8CD-A6D48643B4B7}.Debug|Any CPU.ActiveCfg = Debug|Any CPU
		{D608DB4B-A513-4A6C-A8CD-A6D48643B4B7}.Debug|Any CPU.Build.0 = Debug|Any CPU
		{D608DB4B-A513-4A6C-A8CD-A6D48643B4B7}.Release|Any CPU.ActiveCfg = Release|Any CPU
		{D608DB4B-A513-4A6C-A8CD-A6D48643B4B7}.Release|Any CPU.Build.0 = Release|Any CPU
	EndGlobalSection
	GlobalSection(SolutionProperties) = preSolution
		HideSolutionNode = FALSE
	EndGlobalSection
	GlobalSection(ExtensibilityGlobals) = postSolution
		SolutionGuid = {7D6818CC-45B9-4A3F-AD23-9F2D0A552F83}
	EndGlobalSection
EndGlobal
